
Microsoft Visual Studio Solution File, Format Version 12.00
# Visual Studio Version 17
VisualStudioVersion = 17.9.34616.47
MinimumVisualStudioVersion = 10.0.40219.1
Project("{8BC9CEB8-8B4A-11D0-8D11-00A0C91BC942}") = "196_LoopingFungsi", "196_LoopingFungsi\196_LoopingFungsi.vcxproj", "{E7F7E52E-A666-4B4F-9321-F4C47791A583}"
EndProject
Project("{8BC9CEB8-8B4A-11D0-8D11-00A0C91BC942}") = "196_WhileLooping", "196_WhileLooping\196_WhileLooping.vcxproj", "{DB317F2D-6A50-4C52-9B05-B01CD3567719}"
EndProject
Project("{8BC9CEB8-8B4A-11D0-8D11-00A0C91BC942}") = "196_DoWhileLooping", "196_DoWhileLooping\196_DoWhileLooping.vcxproj", "{72024CB6-E107-4C02-B9E4-F90222F6EDF0}"
EndProject
Global
	GlobalSection(SolutionConfigurationPlatforms) = preSolution
		Debug|x64 = Debug|x64
		Debug|x86 = Debug|x86
		Release|x64 = Release|x64
		Release|x86 = Release|x86
	EndGlobalSection
	GlobalSection(ProjectConfigurationPlatforms) = postSolution
		{E7F7E52E-A666-4B4F-9321-F4C47791A583}.Debug|x64.ActiveCfg = Debug|x64
		{E7F7E52E-A666-4B4F-9321-F4C47791A583}.Debug|x64.Build.0 = Debug|x64
		{E7F7E52E-A666-4B4F-9321-F4C47791A583}.Debug|x86.ActiveCfg = Debug|Win32
		{E7F7E52E-A666-4B4F-9321-F4C47791A583}.Debug|x86.Build.0 = Debug|Win32
		{E7F7E52E-A666-4B4F-9321-F4C47791A583}.Release|x64.ActiveCfg = Release|x64
		{E7F7E52E-A666-4B4F-9321-F4C47791A583}.Release|x64.Build.0 = Release|x64
		{E7F7E52E-A666-4B4F-9321-F4C47791A583}.Release|x86.ActiveCfg = Release|Win32
		{E7F7E52E-A666-4B4F-9321-F4C47791A583}.Release|x86.Build.0 = Release|Win32
		{DB317F2D-6A50-4C52-9B05-B01CD3567719}.Debug|x64.ActiveCfg = Debug|x64
		{DB317F2D-6A50-4C52-9B05-B01CD3567719}.Debug|x64.Build.0 = Debug|x64
		{DB317F2D-6A50-4C52-9B05-B01CD3567719}.Debug|x86.ActiveCfg = Debug|Win32
		{DB317F2D-6A50-4C52-9B05-B01CD3567719}.Debug|x86.Build.0 = Debug|Win32
		{DB317F2D-6A50-4C52-9B05-B01CD3567719}.Release|x64.ActiveCfg = Release|x64
		{DB317F2D-6A50-4C52-9B05-B01CD3567719}.Release|x64.Build.0 = Release|x64
		{DB317F2D-6A50-4C52-9B05-B01CD3567719}.Release|x86.ActiveCfg = Release|Win32
		{DB317F2D-6A50-4C52-9B05-B01CD3567719}.Release|x86.Build.0 = Release|Win32
		{72024CB6-E107-4C02-B9E4-F90222F6EDF0}.Debug|x64.ActiveCfg = Debug|x64
		{72024CB6-E107-4C02-B9E4-F90222F6EDF0}.Debug|x64.Build.0 = Debug|x64
		{72024CB6-E107-4C02-B9E4-F90222F6EDF0}.Debug|x86.ActiveCfg = Debug|Win32
		{72024CB6-E107-4C02-B9E4-F90222F6EDF0}.Debug|x86.Build.0 = Debug|Win32
		{72024CB6-E107-4C02-B9E4-F90222F6EDF0}.Release|x64.ActiveCfg = Release|x64
		{72024CB6-E107-4C02-B9E4-F90222F6EDF0}.Release|x64.Build.0 = Release|x64
		{72024CB6-E107-4C02-B9E4-F90222F6EDF0}.Release|x86.ActiveCfg = Release|Win32
		{72024CB6-E107-4C02-B9E4-F90222F6EDF0}.Release|x86.Build.0 = Release|Win32
	EndGlobalSection
	GlobalSection(SolutionProperties) = preSolution
		HideSolutionNode = FALSE
	EndGlobalSection
	GlobalSection(ExtensibilityGlobals) = postSolution
		SolutionGuid = {3C9969C7-B31F-4E64-9DD1-059A48B5139B}
	EndGlobalSection
EndGlobal
